
Microsoft Visual Studio Solution File, Format Version 12.00
# Visual Studio Version 17
VisualStudioVersion = 17.7.34202.233
MinimumVisualStudioVersion = 10.0.40219.1
Project("{FAE04EC0-301F-11D3-BF4B-00C04F79EFBC}") = "classwork23.1", "classwork23.1.csproj", "{E917BC75-B85A-4079-BA3A-82D6CAFC92D0}"
EndProject
Project("{FAE04EC0-301F-11D3-BF4B-00C04F79EFBC}") = "classwork23.2", "..\WPF23.2\classwork23.2.csproj", "{A7B64C63-D93A-47BB-BB9D-AE67B814210C}"
EndProject
Global
	GlobalSection(SolutionConfigurationPlatforms) = preSolution
		Debug|Any CPU = Debug|Any CPU
		Release|Any CPU = Release|Any CPU
	EndGlobalSection
	GlobalSection(ProjectConfigurationPlatforms) = postSolution
		{E917BC75-B85A-4079-BA3A-82D6CAFC92D0}.Debug|Any CPU.ActiveCfg = Debug|Any CPU
		{E917BC75-B85A-4079-BA3A-82D6CAFC92D0}.Debug|Any CPU.Build.0 = Debug|Any CPU
		{E917BC75-B85A-4079-BA3A-82D6CAFC92D0}.Release|Any CPU.ActiveCfg = Release|Any CPU
		{E917BC75-B85A-4079-BA3A-82D6CAFC92D0}.Release|Any CPU.Build.0 = Release|Any CPU
		{A7B64C63-D93A-47BB-BB9D-AE67B814210C}.Debug|Any CPU.ActiveCfg = Debug|Any CPU
		{A7B64C63-D93A-47BB-BB9D-AE67B814210C}.Debug|Any CPU.Build.0 = Debug|Any CPU
		{A7B64C63-D93A-47BB-BB9D-AE67B814210C}.Release|Any CPU.ActiveCfg = Release|Any CPU
		{A7B64C63-D93A-47BB-BB9D-AE67B814210C}.Release|Any CPU.Build.0 = Release|Any CPU
	EndGlobalSection
	GlobalSection(SolutionProperties) = preSolution
		HideSolutionNode = FALSE
	EndGlobalSection
	GlobalSection(ExtensibilityGlobals) = postSolution
		SolutionGuid = {DD6C2D3F-4420-4D7F-816A-C832885B6840}
	EndGlobalSection
EndGlobal
